Microsoft Visual Studio Solution File, Format Version 12.00
# Visual Studio Version 18
VisualStudioVersion = 18.0.11222.15
MinimumVisualStudioVersion = 10.0.40219.1
Project("{FAE04EC0-301F-11D3-BF4B-00C04F79EFBC}") = "ServerAppDesktop", "src\ServerAppDesktop\ServerAppDesktop.csproj", "{3A7EEBE6-A714-4631-8D5D-CA7E90045F91}"
EndProject
Project("{FAE04EC0-301F-11D3-BF4B-00C04F79EFBC}") = "ServerAppDesktop.Helpers", "src\ServerAppDesktop.Helpers\ServerAppDesktop.Helpers.csproj", "{225A24E8-206C-24E8-D1CF-B33473191406}"
EndProject
Project("{FAE04EC0-301F-11D3-BF4B-00C04F79EFBC}") = "ServerAppDesktop.Converters", "src\ServerAppDesktop.Converters\ServerAppDesktop.Converters.csproj", "{B7408DC0-5EE1-5AC8-54EC-BD5596BB3A0D}"
EndProject
Global
	GlobalSection(SolutionConfigurationPlatforms) = preSolution
		Debug|x64 = Debug|x64
		Release|x64 = Release|x64
	EndGlobalSection
	GlobalSection(ProjectConfigurationPlatforms) = postSolution
		{3A7EEBE6-A714-4631-8D5D-CA7E90045F91}.Debug|x64.ActiveCfg = Debug|x64
		{3A7EEBE6-A714-4631-8D5D-CA7E90045F91}.Debug|x64.Build.0 = Debug|x64
		{3A7EEBE6-A714-4631-8D5D-CA7E90045F91}.Release|x64.ActiveCfg = Release|x64
		{3A7EEBE6-A714-4631-8D5D-CA7E90045F91}.Release|x64.Build.0 = Release|x64
		{225A24E8-206C-24E8-D1CF-B33473191406}.Debug|x64.ActiveCfg = Debug|x64
		{225A24E8-206C-24E8-D1CF-B33473191406}.Debug|x64.Build.0 = Debug|x64
		{225A24E8-206C-24E8-D1CF-B33473191406}.Release|x64.ActiveCfg = Release|x64
		{225A24E8-206C-24E8-D1CF-B33473191406}.Release|x64.Build.0 = Release|x64
		{B7408DC0-5EE1-5AC8-54EC-BD5596BB3A0D}.Debug|x64.ActiveCfg = Debug|x64
		{B7408DC0-5EE1-5AC8-54EC-BD5596BB3A0D}.Debug|x64.Build.0 = Debug|x64
		{B7408DC0-5EE1-5AC8-54EC-BD5596BB3A0D}.Release|x64.ActiveCfg = Release|x64
		{B7408DC0-5EE1-5AC8-54EC-BD5596BB3A0D}.Release|x64.Build.0 = Release|x64
	EndGlobalSection
	GlobalSection(SolutionProperties) = preSolution
		HideSolutionNode = FALSE
	EndGlobalSection
	GlobalSection(ExtensibilityGlobals) = postSolution
		SolutionGuid = {6879B664-96B2-4873-A6DE-CA2C67D977DC}
	EndGlobalSection
EndGlobal
